<?xml version="1.0" encoding="utf-8"?>
<Project ToolsVersion="4.0" xmlns="http://schemas.microsoft.com/developer/msbuild/2003">
  <ItemGroup>
    <ClCompile Include="Main.cpp" />
    <ClCompile Include="ResourceManager.cpp">
      <Filter>Engine</Filter>
    </ClCompile>
    <ClCompile Include="InputManager.cpp">
      <Filter>Engine</Filter>
    </ClCompile>
    <ClCompile Include="GameObject.cpp">
      <Filter>Game</Filter>
    </ClCompile>
    <ClCompile Include="PrintLog.cpp">
      <Filter>Engine</Filter>
    </ClCompile>
    <ClCompile Include="Character.cpp">
      <Filter>Game</Filter>
    </ClCompile>
    <ClCompile Include="PC.cpp">
      <Filter>Game</Filter>
    </ClCompile>
    <ClCompile Include="Monster.cpp">
      <Filter>Game</Filter>
    </ClCompile>
    <ClCompile Include="D2DRenderer.cpp">
      <Filter>Renderer</Filter>
    </ClCompile>
    <ClCompile Include="MainWindow.cpp">
      <Filter>Engine</Filter>
    </ClCompile>
    <ClCompile Include="Animation.cpp">
      <Filter>Engine</Filter>
    </ClCompile>
    <ClCompile Include="Sprite.cpp">
      <Filter>Engine</Filter>
    </ClCompile>
    <ClCompile Include="stdafx.cpp" />
    <ClCompile Include="D2DBitmap.cpp">
      <Filter>Renderer</Filter>
    </ClCompile>
    <ClCompile Include="Skill.cpp">
      <Filter>Game</Filter>
    </ClCompile>
    <ClCompile Include="D2DText.cpp">
      <Filter>Renderer</Filter>
    </ClCompile>
    <ClCompile Include="CollisionBox.cpp">
      <Filter>Game</Filter>
    </ClCompile>
    <ClCompile Include="SceneManager.cpp">
      <Filter>Engine</Filter>
    </ClCompile>
    <ClCompile Include="Scene.cpp">
      <Filter>Engine</Filter>
    </ClCompile>
    <ClCompile Include="Zone.cpp">
      <Filter>Game</Filter>
    </ClCompile>
    <ClCompile Include="GameManager.cpp">
      <Filter>Engine</Filter>
    </ClCompile>
    <ClCompile Include="Fps.cpp">
      <Filter>Engine</Filter>
    </ClCompile>
    <ClCompile Include="NPC.cpp">
      <Filter>Game</Filter>
    </ClCompile>
    <ClCompile Include="AnimationInfo.cpp">
      <Filter>Resource</Filter>
    </ClCompile>
    <ClCompile Include="MapInfo.cpp">
      <Filter>Resource</Filter>
    </ClCompile>
    <ClCompile Include="ZoneInfo.cpp">
      <Filter>Resource</Filter>
    </ClCompile>
    <ClCompile Include="MapData.cpp">
      <Filter>Resource</Filter>
    </ClCompile>
    <ClCompile Include="SpriteInfo.cpp">
      <Filter>Resource</Filter>
    </ClCompile>
    <ClCompile Include="Square.cpp">
      <Filter>Core</Filter>
    </ClCompile>
    <ClCompile Include="Circle.cpp">
      <Filter>Core</Filter>
    </ClCompile>
    <ClCompile Include="ZoneMap.cpp">
      <Filter>Game</Filter>
    </ClCompile>
    <ClCompile Include="PathFinder.cpp">
      <Filter>Game</Filter>
    </ClCompile>
    <ClCompile Include="CastUI.cpp">
      <Filter>Game</Filter>
    </ClCompile>
    <ClCompile Include="UIManager.cpp">
      <Filter>Engine</Filter>
    </ClCompile>
    <ClCompile Include="BasicAttack.cpp">
      <Filter>Game\SkillList</Filter>
    </ClCompile>
    <ClCompile Include="FlameSlash.cpp">
      <Filter>Game\SkillList</Filter>
    </ClCompile>
    <ClCompile Include="HpUI.cpp">
      <Filter>Game</Filter>
    </ClCompile>
    <ClCompile Include="D2DRect.cpp">
      <Filter>Renderer</Filter>
    </ClCompile>
    <ClCompile Include="MonsterAttack.cpp">
      <Filter>Game\SkillList</Filter>
    </ClCompile>
  </ItemGroup>
  <ItemGroup>
    <ClInclude Include="Main.h" />
    <ClInclude Include="Resource.h" />
    <ClInclude Include="stdafx.h" />
    <ClInclude Include="targetver.h" />
    <ClInclude Include="IResource.h">
      <Filter>Core</Filter>
    </ClInclude>
    <ClInclude Include="IResourceManager.h">
      <Filter>Core</Filter>
    </ClInclude>
    <ClInclude Include="ResourceId.h">
      <Filter>Core</Filter>
    </ClInclude>
    <ClInclude Include="ResourceManager.h">
      <Filter>Engine</Filter>
    </ClInclude>
    <ClInclude Include="IInputManager.h">
      <Filter>Core</Filter>
    </ClInclude>
    <ClInclude Include="InputState.h">
      <Filter>Core</Filter>
    </ClInclude>
    <ClInclude Include="InputManager.h">
      <Filter>Engine</Filter>
    </ClInclude>
    <ClInclude Include="GameObject.h">
      <Filter>Game</Filter>
    </ClInclude>
    <ClInclude Include="PrintLog.h">
      <Filter>Engine</Filter>
    </ClInclude>
    <ClInclude Include="Character.h">
      <Filter>Game</Filter>
    </ClInclude>
    <ClInclude Include="PC.h">
      <Filter>Game</Filter>
    </ClInclude>
    <ClInclude Include="Monster.h">
      <Filter>Game</Filter>
    </ClInclude>
    <ClInclude Include="D2DRenderer.h">
      <Filter>Renderer</Filter>
    </ClInclude>
    <ClInclude Include="MainWindow.h">
      <Filter>Engine</Filter>
    </ClInclude>
    <ClInclude Include="ISceneManager.h">
      <Filter>Core</Filter>
    </ClInclude>
    <ClInclude Include="IRenderer.h">
      <Filter>Core</Filter>
    </ClInclude>
    <ClInclude Include="Animation.h">
      <Filter>Engine</Filter>
    </ClInclude>
    <ClInclude Include="Sprite.h">
      <Filter>Engine</Filter>
    </ClInclude>
    <ClInclude Include="Macro.h">
      <Filter>Core</Filter>
    </ClInclude>
    <ClInclude Include="D2DBitmap.h">
      <Filter>Renderer</Filter>
    </ClInclude>
    <ClInclude Include="Skill.h">
      <Filter>Game</Filter>
    </ClInclude>
    <ClInclude Include="D2DText.h">
      <Filter>Renderer</Filter>
    </ClInclude>
    <ClInclude Include="CollisionBox.h">
      <Filter>Game</Filter>
    </ClInclude>
    <ClInclude Include="SceneManager.h">
      <Filter>Engine</Filter>
    </ClInclude>
    <ClInclude Include="Scene.h">
      <Filter>Engine</Filter>
    </ClInclude>
    <ClInclude Include="Zone.h">
      <Filter>Game</Filter>
    </ClInclude>
    <ClInclude Include="BaseWindow.h">
      <Filter>Core</Filter>
    </ClInclude>
    <ClInclude Include="NPC.h">
      <Filter>Game</Filter>
    </ClInclude>
    <ClInclude Include="IGameManager.h">
      <Filter>Core</Filter>
    </ClInclude>
    <ClInclude Include="GameManager.h">
      <Filter>Engine</Filter>
    </ClInclude>
    <ClInclude Include="Fps.h">
      <Filter>Engine</Filter>
    </ClInclude>
    <ClInclude Include="AnimationInfo.h">
      <Filter>Resource</Filter>
    </ClInclude>
    <ClInclude Include="MapInfo.h">
      <Filter>Resource</Filter>
    </ClInclude>
    <ClInclude Include="ZoneInfo.h">
      <Filter>Resource</Filter>
    </ClInclude>
    <ClInclude Include="MapData.h">
      <Filter>Resource</Filter>
    </ClInclude>
    <ClInclude Include="SpriteInfo.h">
      <Filter>Resource</Filter>
    </ClInclude>
    <ClInclude Include="Position.h">
      <Filter>Core</Filter>
    </ClInclude>
    <ClInclude Include="Square.h">
      <Filter>Core</Filter>
    </ClInclude>
    <ClInclude Include="IEventListener.h">
      <Filter>Core</Filter>
    </ClInclude>
    <ClInclude Include="EventManager.h">
      <Filter>Core</Filter>
    </ClInclude>
    <ClInclude Include="EventSubject.h">
      <Filter>Core</Filter>
    </ClInclude>
    <ClInclude Include="IEventSubject.h">
      <Filter>Core</Filter>
    </ClInclude>
    <ClInclude Include="Circle.h">
      <Filter>Core</Filter>
    </ClInclude>
    <ClInclude Include="ZoneMap.h">
      <Filter>Game</Filter>
    </ClInclude>
    <ClInclude Include="Direction.h">
      <Filter>Core</Filter>
    </ClInclude>
    <ClInclude Include="PathFinder.h">
      <Filter>Game</Filter>
    </ClInclude>
    <ClInclude Include="IRenderObject.h">
      <Filter>Core</Filter>
    </ClInclude>
    <ClInclude Include="CastUI.h">
      <Filter>Game</Filter>
    </ClInclude>
    <ClInclude Include="UIObject.h">
      <Filter>Engine</Filter>
    </ClInclude>
    <ClInclude Include="UIManager.h">
      <Filter>Engine</Filter>
    </ClInclude>
    <ClInclude Include="BasicAttack.h">
      <Filter>Game\SkillList</Filter>
    </ClInclude>
    <ClInclude Include="FlameSlash.h">
      <Filter>Game\SkillList</Filter>
    </ClInclude>
    <ClInclude Include="HpUI.h">
      <Filter>Game</Filter>
    </ClInclude>
    <ClInclude Include="D2DRect.h">
      <Filter>Renderer</Filter>
    </ClInclude>
    <ClInclude Include="MonsterAttack.h">
      <Filter>Game\SkillList</Filter>
    </ClInclude>
  </ItemGroup>
  <ItemGroup>
    <ResourceCompile Include="Meteor.rc" />
  </ItemGroup>
  <ItemGroup>
    <Image Include="Meteor.ico" />
    <Image Include="small.ico" />
  </ItemGroup>
  <ItemGroup>
    <Text Include="ReadMe.txt" />
  </ItemGroup>
  <ItemGroup>
    <Filter Include="Renderer">
      <UniqueIdentifier>{815c97ec-8d3c-4a8d-bb0d-5c9e4051946f}</UniqueIdentifier>
    </Filter>
    <Filter Include="Engine">
      <UniqueIdentifier>{b49d66c3-b98d-4670-b716-3dc5b3c4a18d}</UniqueIdentifier>
    </Filter>
    <Filter Include="Game">
      <UniqueIdentifier>{4f5a9eba-c789-4c85-8c96-a7f67da318ee}</UniqueIdentifier>
    </Filter>
    <Filter Include="Core">
      <UniqueIdentifier>{865dfa89-9a89-4831-b419-fce7420fbe78}</UniqueIdentifier>
    </Filter>
    <Filter Include="Resource">
      <UniqueIdentifier>{0f1df1e8-7280-40ef-a375-43f456f33d31}</UniqueIdentifier>
    </Filter>
    <Filter Include="Game\SkillList">
      <UniqueIdentifier>{7553f2cc-f485-493b-bb1b-99aa725c74c8}</UniqueIdentifier>
    </Filter>
  </ItemGroup>
</Project>