<?xml version="1.0" encoding="utf-8"?>
<Project ToolsVersion="4.0" xmlns="http://schemas.microsoft.com/developer/msbuild/2003">
  <ItemGroup>
    <ClCompile Include="Main.cpp" />
    <ClCompile Include="stdafx.cpp" />
    <ClCompile Include="Bitmap.cpp">
      <Filter>Renderer</Filter>
    </ClCompile>
    <ClCompile Include="ResourceManager.cpp">
      <Filter>Engine</Filter>
    </ClCompile>
    <ClCompile Include="InputManager.cpp">
      <Filter>Engine</Filter>
    </ClCompile>
  </ItemGroup>
  <ItemGroup>
    <ClInclude Include="Main.h" />
    <ClInclude Include="Resource.h" />
    <ClInclude Include="stdafx.h" />
    <ClInclude Include="targetver.h" />
    <ClInclude Include="IResource.h">
      <Filter>Core</Filter>
    </ClInclude>
    <ClInclude Include="IResourceManager.h">
      <Filter>Core</Filter>
    </ClInclude>
    <ClInclude Include="ResourceId.h">
      <Filter>Core</Filter>
    </ClInclude>
    <ClInclude Include="Bitmap.h">
      <Filter>Renderer</Filter>
    </ClInclude>
    <ClInclude Include="ResourceManager.h">
      <Filter>Engine</Filter>
    </ClInclude>
    <ClInclude Include="IInputManager.h">
      <Filter>Core</Filter>
    </ClInclude>
    <ClInclude Include="InputState.h">
      <Filter>Core</Filter>
    </ClInclude>
    <ClInclude Include="InputManager.h">
      <Filter>Engine</Filter>
    </ClInclude>
    <ClInclude Include="IRender.h">
      <Filter>Core</Filter>
    </ClInclude>
  </ItemGroup>
  <ItemGroup>
    <ResourceCompile Include="Meteor.rc" />
  </ItemGroup>
  <ItemGroup>
    <Image Include="Meteor.ico" />
    <Image Include="small.ico" />
  </ItemGroup>
  <ItemGroup>
    <Text Include="ReadMe.txt" />
  </ItemGroup>
  <ItemGroup>
    <Filter Include="Core">
      <UniqueIdentifier>{865dfa89-9a89-4831-b419-fce7420fbe78}</UniqueIdentifier>
    </Filter>
    <Filter Include="Renderer">
      <UniqueIdentifier>{815c97ec-8d3c-4a8d-bb0d-5c9e4051946f}</UniqueIdentifier>
    </Filter>
    <Filter Include="Engine">
      <UniqueIdentifier>{b49d66c3-b98d-4670-b716-3dc5b3c4a18d}</UniqueIdentifier>
    </Filter>
  </ItemGroup>
</Project>